{
  "name": "flowbite-icons-mithril",
  "version": "0.0.0",
  "lockfileVersion": 3,
  "requires": true,
  "packages": {
    "": {
      "name": "flowbite-icons-mithril",
      "version": "0.0.0",
      "license": "MIT",
      "devDependencies": {
        "@biomejs/biome": "^1.2.2"
      },
      "engines": {
        "node": ">=16"
      },
      "peerDependencies": {
        "mithril": "^2.2.2"
      }
    },
    "node_modules/@biomejs/biome": {
      "version": "1.2.2",
      "dev": true,
      "hasInstallScript": true,
      "license": "MIT",
      "bin": {
        "biome": "bin/biome"
      },
      "engines": {
        "node": ">=14.*"
      },
      "optionalDependencies": {
        "@biomejs/cli-darwin-arm64": "1.2.2",
        "@biomejs/cli-darwin-x64": "1.2.2",
        "@biomejs/cli-linux-arm64": "1.2.2",
        "@biomejs/cli-linux-x64": "1.2.2",
        "@biomejs/cli-win32-arm64": "1.2.2",
        "@biomejs/cli-win32-x64": "1.2.2"
      }
    },
    "node_modules/@biomejs/cli-darwin-arm64": {
      "version": "1.2.2",
      "cpu": [
        "arm64"
      ],
      "dev": true,
      "license": "MIT",
      "optional": true,
      "os": [
        "darwin"
      ],
      "engines": {
        "node": ">=14.*"
      }
    },
    "node_modules/balanced-match": {
      "version": "1.0.2",
      "license": "MIT",
      "peer": true
    },
    "node_modules/brace-expansion": {
      "version": "1.1.11",
      "license": "MIT",
      "peer": true,
      "dependencies": {
        "balanced-match": "^1.0.0",
        "concat-map": "0.0.1"
      }
    },
    "node_modules/concat-map": {
      "version": "0.0.1",
      "license": "MIT",
      "peer": true
    },
    "node_modules/fs.realpath": {
      "version": "1.0.0",
      "license": "ISC",
      "peer": true
    },
    "node_modules/glob": {
      "version": "7.2.3",
      "license": "ISC",
      "peer": true,
      "dependencies": {
        "fs.realpath": "^1.0.0",
        "inflight": "^1.0.4",
        "inherits": "2",
        "minimatch": "^3.1.1",
        "once": "^1.3.0",
        "path-is-absolute": "^1.0.0"
      },
      "engines": {
        "node": "*"
      },
      "funding": {
        "url": "https://github.com/sponsors/isaacs"
      }
    },
    "node_modules/inflight": {
      "version": "1.0.6",
      "license": "ISC",
      "peer": true,
      "dependencies": {
        "once": "^1.3.0",
        "wrappy": "1"
      }
    },
    "node_modules/inherits": {
      "version": "2.0.4",
      "license": "ISC",
      "peer": true
    },
    "node_modules/minimatch": {
      "version": "3.1.2",
      "license": "ISC",
      "peer": true,
      "dependencies": {
        "brace-expansion": "^1.1.7"
      },
      "engines": {
        "node": "*"
      }
    },
    "node_modules/mithril": {
      "version": "2.2.2",
      "license": "MIT",
      "peer": true,
      "dependencies": {
        "ospec": "4.0.0"
      },
      "bin": {
        "ospec": "ospec/bin/ospec"
      }
    },
    "node_modules/once": {
      "version": "1.4.0",
      "license": "ISC",
      "peer": true,
      "dependencies": {
        "wrappy": "1"
      }
    },
    "node_modules/ospec": {
      "version": "4.0.0",
      "license": "MIT",
      "peer": true,
      "dependencies": {
        "glob": "^7.1.3"
      },
      "bin": {
        "ospec": "bin/ospec"
      }
    },
    "node_modules/path-is-absolute": {
      "version": "1.0.1",
      "license": "MIT",
      "peer": true,
      "engines": {
        "node": ">=0.10.0"
      }
    },
    "node_modules/wrappy": {
      "version": "1.0.2",
      "license": "ISC",
      "peer": true
    }
  }
}
